// !$*UTF8*$!
{
	archiveVersion = 1;
	classes = {
	};
	objectVersion = 51;
	objects = {

/* Begin PBXBuildFile section */
		5404B76F25CAF13D003BE81F /* Constants.swift in Sources */ = {isa = PBXBuildFile; fileRef = 5404B76E25CAF13D003BE81F /* Constants.swift */; };
		54069AAE25AC5BF2008A57C6 /* GoogleService-Info.plist in Resources */ = {isa = PBXBuildFile; fileRef = 54069AAD25AC5BF2008A57C6 /* GoogleService-Info.plist */; };
		54069AE125AD6657008A57C6 /* MainTabBarViewController.swift in Sources */ = {isa = PBXBuildFile; fileRef = 54069AE025AD6657008A57C6 /* MainTabBarViewController.swift */; };
		54069AE425AD684D008A57C6 /* FeedCollectionViewController.swift in Sources */ = {isa = PBXBuildFile; fileRef = 54069AE325AD684D008A57C6 /* FeedCollectionViewController.swift */; };
		54069AE725AD6886008A57C6 /* SearchViewController.swift in Sources */ = {isa = PBXBuildFile; fileRef = 54069AE625AD6886008A57C6 /* SearchViewController.swift */; };
		54069AEA25AD68A6008A57C6 /* UploadPostViewController.swift in Sources */ = {isa = PBXBuildFile; fileRef = 54069AE925AD68A6008A57C6 /* UploadPostViewController.swift */; };
		54069AED25AD68C6008A57C6 /* NotificationViewController.swift in Sources */ = {isa = PBXBuildFile; fileRef = 54069AEC25AD68C6008A57C6 /* NotificationViewController.swift */; };
		54069AF025AD68E6008A57C6 /* UserProfileViewController.swift in Sources */ = {isa = PBXBuildFile; fileRef = 54069AEF25AD68E6008A57C6 /* UserProfileViewController.swift */; };
		54069AFA25AE15CD008A57C6 /* UserProfileHeader.swift in Sources */ = {isa = PBXBuildFile; fileRef = 54069AF925AE15CD008A57C6 /* UserProfileHeader.swift */; };
		54407B8125AAFE0600F2A637 /* SignUpVC.swift in Sources */ = {isa = PBXBuildFile; fileRef = 54407B8025AAFE0600F2A637 /* SignUpVC.swift */; };
		54510A1025D3CE8D00166FD0 /* UserPostCell.swift in Sources */ = {isa = PBXBuildFile; fileRef = 54510A0F25D3CE8D00166FD0 /* UserPostCell.swift */; };
		54510A2225D4458F00166FD0 /* CustomImageView.swift in Sources */ = {isa = PBXBuildFile; fileRef = 54510A2125D4458F00166FD0 /* CustomImageView.swift */; };
		54510A3525D579FE00166FD0 /* FeedCell.swift in Sources */ = {isa = PBXBuildFile; fileRef = 54510A3425D579FE00166FD0 /* FeedCell.swift */; };
		545367E325AAC09D00A65BAD /* AppDelegate.swift in Sources */ = {isa = PBXBuildFile; fileRef = 545367E225AAC09D00A65BAD /* AppDelegate.swift */; };
		545367E525AAC09D00A65BAD /* SceneDelegate.swift in Sources */ = {isa = PBXBuildFile; fileRef = 545367E425AAC09D00A65BAD /* SceneDelegate.swift */; };
		545367EA25AAC09D00A65BAD /* Main.storyboard in Resources */ = {isa = PBXBuildFile; fileRef = 545367E825AAC09D00A65BAD /* Main.storyboard */; };
		545367EF25AAC09F00A65BAD /* LaunchScreen.storyboard in Resources */ = {isa = PBXBuildFile; fileRef = 545367ED25AAC09F00A65BAD /* LaunchScreen.storyboard */; };
		545367FC25AAC16500A65BAD /* LoginVC.swift in Sources */ = {isa = PBXBuildFile; fileRef = 545367FB25AAC16500A65BAD /* LoginVC.swift */; };
		54587C5425E8E2D0004B59B7 /* MessagesController.swift in Sources */ = {isa = PBXBuildFile; fileRef = 54587C5325E8E2CE004B59B7 /* MessagesController.swift */; };
		54587C5925E8E631004B59B7 /* MessageCell.swift in Sources */ = {isa = PBXBuildFile; fileRef = 54587C5825E8E631004B59B7 /* MessageCell.swift */; };
		546655DE25EA50830057A9FE /* NewMessageController.swift in Sources */ = {isa = PBXBuildFile; fileRef = 546655DD25EA50830057A9FE /* NewMessageController.swift */; };
		546655E125EA51260057A9FE /* NewMessageCell.swift in Sources */ = {isa = PBXBuildFile; fileRef = 546655E025EA51260057A9FE /* NewMessageCell.swift */; };
		546655E525EA8ABF0057A9FE /* Message.swift in Sources */ = {isa = PBXBuildFile; fileRef = 546655E425EA8ABF0057A9FE /* Message.swift */; };
		546655E825ED31020057A9FE /* ChatController.swift in Sources */ = {isa = PBXBuildFile; fileRef = 546655E725ED31020057A9FE /* ChatController.swift */; };
		546655EB25ED34580057A9FE /* ChatCell.swift in Sources */ = {isa = PBXBuildFile; fileRef = 546655EA25ED34580057A9FE /* ChatCell.swift */; };
		546A5EE225B32CDC001349CF /* FollowLikeCell.swift in Sources */ = {isa = PBXBuildFile; fileRef = 546A5EE125B32CDC001349CF /* FollowLikeCell.swift */; };
		546A5EE525B32CF9001349CF /* FollowLikeController.swift in Sources */ = {isa = PBXBuildFile; fileRef = 546A5EE425B32CF9001349CF /* FollowLikeController.swift */; };
		5471302325CC150100E47A89 /* SelectImageViewController.swift in Sources */ = {isa = PBXBuildFile; fileRef = 5471302225CC150100E47A89 /* SelectImageViewController.swift */; };
		5471302625CC171200E47A89 /* SelectPhotoCell.swift in Sources */ = {isa = PBXBuildFile; fileRef = 5471302525CC171200E47A89 /* SelectPhotoCell.swift */; };
		5471302A25CC192100E47A89 /* SelectPhotoHeader.swift in Sources */ = {isa = PBXBuildFile; fileRef = 5471302925CC192100E47A89 /* SelectPhotoHeader.swift */; };
		547E4B5025D25E4800F725B3 /* Post.swift in Sources */ = {isa = PBXBuildFile; fileRef = 547E4B4F25D25E4800F725B3 /* Post.swift */; };
		54889C3225AAC8110067FD7A /* Extensions.swift in Sources */ = {isa = PBXBuildFile; fileRef = 54889C3125AAC8110067FD7A /* Extensions.swift */; };
		54889C3725AAD3C50067FD7A /* Assets.xcassets in Resources */ = {isa = PBXBuildFile; fileRef = 54889C3625AAD3C50067FD7A /* Assets.xcassets */; };
		549779C225B1566F00B26583 /* Protocols.swift in Sources */ = {isa = PBXBuildFile; fileRef = 549779C125B1566F00B26583 /* Protocols.swift */; };
		54A300BE25DFF09900EE30A0 /* NotificationCell.swift in Sources */ = {isa = PBXBuildFile; fileRef = 54A300BD25DFF09900EE30A0 /* NotificationCell.swift */; };
		54BC421E25AEF95C0011CF7A /* User.swift in Sources */ = {isa = PBXBuildFile; fileRef = 54BC421D25AEF95C0011CF7A /* User.swift */; };
		54BC424C25B050070011CF7A /* SearchUserCell.swift in Sources */ = {isa = PBXBuildFile; fileRef = 54BC424B25B050060011CF7A /* SearchUserCell.swift */; };
		652A7EE895198F3E9F516256 /* Pods_instegramClone.framework in Frameworks */ = {isa = PBXBuildFile; fileRef = D22F19542063191067855137 /* Pods_instegramClone.framework */; };
/* End PBXBuildFile section */

/* Begin PBXFileReference section */
		4FBFA9F1FEE9388B1CE7279E /* Pods-instegramClone.debug.xcconfig */ = {isa = PBXFileReference; includeInIndex = 1; lastKnownFileType = text.xcconfig; name = "Pods-instegramClone.debug.xcconfig"; path = "Target Support Files/Pods-instegramClone/Pods-instegramClone.debug.xcconfig"; sourceTree = "<group>"; };
		5404B76E25CAF13D003BE81F /* Constants.swift */ = {isa = PBXFileReference; lastKnownFileType = sourcecode.swift; path = Constants.swift; sourceTree = "<group>"; };
		54069AAD25AC5BF2008A57C6 /* GoogleService-Info.plist */ = {isa = PBXFileReference; fileEncoding = 4; lastKnownFileType = text.plist.xml; path = "GoogleService-Info.plist"; sourceTree = "<group>"; };
		54069AE025AD6657008A57C6 /* MainTabBarViewController.swift */ = {isa = PBXFileReference; lastKnownFileType = sourcecode.swift; path = MainTabBarViewController.swift; sourceTree = "<group>"; };
		54069AE325AD684D008A57C6 /* FeedCollectionViewController.swift */ = {isa = PBXFileReference; lastKnownFileType = sourcecode.swift; path = FeedCollectionViewController.swift; sourceTree = "<group>"; };
		54069AE625AD6886008A57C6 /* SearchViewController.swift */ = {isa = PBXFileReference; lastKnownFileType = sourcecode.swift; path = SearchViewController.swift; sourceTree = "<group>"; };
		54069AE925AD68A6008A57C6 /* UploadPostViewController.swift */ = {isa = PBXFileReference; lastKnownFileType = sourcecode.swift; path = UploadPostViewController.swift; sourceTree = "<group>"; };
		54069AEC25AD68C6008A57C6 /* NotificationViewController.swift */ = {isa = PBXFileReference; lastKnownFileType = sourcecode.swift; path = NotificationViewController.swift; sourceTree = "<group>"; };
		54069AEF25AD68E6008A57C6 /* UserProfileViewController.swift */ = {isa = PBXFileReference; lastKnownFileType = sourcecode.swift; path = UserProfileViewController.swift; sourceTree = "<group>"; };
		54069AF925AE15CD008A57C6 /* UserProfileHeader.swift */ = {isa = PBXFileReference; lastKnownFileType = sourcecode.swift; path = UserProfileHeader.swift; sourceTree = "<group>"; };
		54407B8025AAFE0600F2A637 /* SignUpVC.swift */ = {isa = PBXFileReference; lastKnownFileType = sourcecode.swift; path = SignUpVC.swift; sourceTree = "<group>"; };
		54510A0F25D3CE8D00166FD0 /* UserPostCell.swift */ = {isa = PBXFileReference; lastKnownFileType = sourcecode.swift; path = UserPostCell.swift; sourceTree = "<group>"; };
		54510A2125D4458F00166FD0 /* CustomImageView.swift */ = {isa = PBXFileReference; lastKnownFileType = sourcecode.swift; path = CustomImageView.swift; sourceTree = "<group>"; };
		54510A3425D579FE00166FD0 /* FeedCell.swift */ = {isa = PBXFileReference; lastKnownFileType = sourcecode.swift; path = FeedCell.swift; sourceTree = "<group>"; };
		545367DF25AAC09D00A65BAD /* instegramClone.app */ = {isa = PBXFileReference; explicitFileType = wrapper.application; includeInIndex = 0; path = instegramClone.app; sourceTree = BUILT_PRODUCTS_DIR; };
		545367E225AAC09D00A65BAD /* AppDelegate.swift */ = {isa = PBXFileReference; lastKnownFileType = sourcecode.swift; path = AppDelegate.swift; sourceTree = "<group>"; };
		545367E425AAC09D00A65BAD /* SceneDelegate.swift */ = {isa = PBXFileReference; lastKnownFileType = sourcecode.swift; path = SceneDelegate.swift; sourceTree = "<group>"; };
		545367E925AAC09D00A65BAD /* Base */ = {isa = PBXFileReference; lastKnownFileType = file.storyboard; name = Base; path = Base.lproj/Main.storyboard; sourceTree = "<group>"; };
		545367EE25AAC09F00A65BAD /* Base */ = {isa = PBXFileReference; lastKnownFileType = file.storyboard; name = Base; path = Base.lproj/LaunchScreen.storyboard; sourceTree = "<group>"; };
		545367F025AAC09F00A65BAD /* Info.plist */ = {isa = PBXFileReference; lastKnownFileType = text.plist.xml; path = Info.plist; sourceTree = "<group>"; };
		545367FB25AAC16500A65BAD /* LoginVC.swift */ = {isa = PBXFileReference; lastKnownFileType = sourcecode.swift; path = LoginVC.swift; sourceTree = "<group>"; };
		54587C5325E8E2CE004B59B7 /* MessagesController.swift */ = {isa = PBXFileReference; lastKnownFileType = sourcecode.swift; path = MessagesController.swift; sourceTree = "<group>"; };
		54587C5825E8E631004B59B7 /* MessageCell.swift */ = {isa = PBXFileReference; lastKnownFileType = sourcecode.swift; path = MessageCell.swift; sourceTree = "<group>"; };
		546655DD25EA50830057A9FE /* NewMessageController.swift */ = {isa = PBXFileReference; lastKnownFileType = sourcecode.swift; path = NewMessageController.swift; sourceTree = "<group>"; };
		546655E025EA51260057A9FE /* NewMessageCell.swift */ = {isa = PBXFileReference; lastKnownFileType = sourcecode.swift; path = NewMessageCell.swift; sourceTree = "<group>"; };
		546655E425EA8ABF0057A9FE /* Message.swift */ = {isa = PBXFileReference; lastKnownFileType = sourcecode.swift; path = Message.swift; sourceTree = "<group>"; };
		546655E725ED31020057A9FE /* ChatController.swift */ = {isa = PBXFileReference; lastKnownFileType = sourcecode.swift; path = ChatController.swift; sourceTree = "<group>"; };
		546655EA25ED34580057A9FE /* ChatCell.swift */ = {isa = PBXFileReference; lastKnownFileType = sourcecode.swift; path = ChatCell.swift; sourceTree = "<group>"; };
		546A5EE125B32CDC001349CF /* FollowLikeCell.swift */ = {isa = PBXFileReference; lastKnownFileType = sourcecode.swift; path = FollowLikeCell.swift; sourceTree = "<group>"; };
		546A5EE425B32CF9001349CF /* FollowLikeController.swift */ = {isa = PBXFileReference; lastKnownFileType = sourcecode.swift; path = FollowLikeController.swift; sourceTree = "<group>"; };
		5471302225CC150100E47A89 /* SelectImageViewController.swift */ = {isa = PBXFileReference; lastKnownFileType = sourcecode.swift; path = SelectImageViewController.swift; sourceTree = "<group>"; };
		5471302525CC171200E47A89 /* SelectPhotoCell.swift */ = {isa = PBXFileReference; lastKnownFileType = sourcecode.swift; path = SelectPhotoCell.swift; sourceTree = "<group>"; };
		5471302925CC192100E47A89 /* SelectPhotoHeader.swift */ = {isa = PBXFileReference; lastKnownFileType = sourcecode.swift; path = SelectPhotoHeader.swift; sourceTree = "<group>"; };
		547E4B4F25D25E4800F725B3 /* Post.swift */ = {isa = PBXFileReference; lastKnownFileType = sourcecode.swift; path = Post.swift; sourceTree = "<group>"; };
		54889C3125AAC8110067FD7A /* Extensions.swift */ = {isa = PBXFileReference; lastKnownFileType = sourcecode.swift; path = Extensions.swift; sourceTree = "<group>"; };
		54889C3625AAD3C50067FD7A /* Assets.xcassets */ = {isa = PBXFileReference; lastKnownFileType = folder.assetcatalog; path = Assets.xcassets; sourceTree = "<group>"; };
		549779C125B1566F00B26583 /* Protocols.swift */ = {isa = PBXFileReference; lastKnownFileType = sourcecode.swift; path = Protocols.swift; sourceTree = "<group>"; };
		54A300BD25DFF09900EE30A0 /* NotificationCell.swift */ = {isa = PBXFileReference; lastKnownFileType = sourcecode.swift; path = NotificationCell.swift; sourceTree = "<group>"; };
		54BC421D25AEF95C0011CF7A /* User.swift */ = {isa = PBXFileReference; lastKnownFileType = sourcecode.swift; path = User.swift; sourceTree = "<group>"; };
		54BC424B25B050060011CF7A /* SearchUserCell.swift */ = {isa = PBXFileReference; lastKnownFileType = sourcecode.swift; path = SearchUserCell.swift; sourceTree = "<group>"; };
		D22F19542063191067855137 /* Pods_instegramClone.framework */ = {isa = PBXFileReference; explicitFileType = wrapper.framework; includeInIndex = 0; path = Pods_instegramClone.framework; sourceTree = BUILT_PRODUCTS_DIR; };
		F64092312D00D50CAC96ED35 /* Pods-instegramClone.release.xcconfig */ = {isa = PBXFileReference; includeInIndex = 1; lastKnownFileType = text.xcconfig; name = "Pods-instegramClone.release.xcconfig"; path = "Target Support Files/Pods-instegramClone/Pods-instegramClone.release.xcconfig"; sourceTree = "<group>"; };
/* End PBXFileReference section */

/* Begin PBXFrameworksBuildPhase section */
		545367DC25AAC09D00A65BAD /* Frameworks */ = {
			isa = PBXFrameworksBuildPhase;
			buildActionMask = 2147483647;
			files = (
				652A7EE895198F3E9F516256 /* Pods_instegramClone.framework in Frameworks */,
			);
			runOnlyForDeploymentPostprocessing = 0;
		};
/* End PBXFrameworksBuildPhase section */

/* Begin PBXGroup section */
		1A50657C67FC4AD153507111 /* Pods */ = {
			isa = PBXGroup;
			children = (
				4FBFA9F1FEE9388B1CE7279E /* Pods-instegramClone.debug.xcconfig */,
				F64092312D00D50CAC96ED35 /* Pods-instegramClone.release.xcconfig */,
			);
			path = Pods;
			sourceTree = "<group>";
		};
		54069AF325AE1490008A57C6 /* Login */ = {
			isa = PBXGroup;
			children = (
				545367FB25AAC16500A65BAD /* LoginVC.swift */,
				54407B8025AAFE0600F2A637 /* SignUpVC.swift */,
			);
			path = Login;
			sourceTree = "<group>";
		};
		54069AF425AE1499008A57C6 /* Feed */ = {
			isa = PBXGroup;
			children = (
				54069AE325AD684D008A57C6 /* FeedCollectionViewController.swift */,
			);
			path = Feed;
			sourceTree = "<group>";
		};
		54069AF525AE14A2008A57C6 /* Search */ = {
			isa = PBXGroup;
			children = (
				54BC424A25B04FDF0011CF7A /* cell */,
				54069AE625AD6886008A57C6 /* SearchViewController.swift */,
			);
			path = Search;
			sourceTree = "<group>";
		};
		54069AF625AE14B9008A57C6 /* UploadPost */ = {
			isa = PBXGroup;
			children = (
				54069AE925AD68A6008A57C6 /* UploadPostViewController.swift */,
				5471302225CC150100E47A89 /* SelectImageViewController.swift */,
			);
			path = UploadPost;
			sourceTree = "<group>";
		};
		54069AF725AE14C3008A57C6 /* Notfications */ = {
			isa = PBXGroup;
			children = (
				54069AEC25AD68C6008A57C6 /* NotificationViewController.swift */,
			);
			path = Notfications;
			sourceTree = "<group>";
		};
		54069AF825AE14DF008A57C6 /* UserProfile */ = {
			isa = PBXGroup;
			children = (
				54069AEF25AD68E6008A57C6 /* UserProfileViewController.swift */,
				546A5EE425B32CF9001349CF /* FollowLikeController.swift */,
			);
			path = UserProfile;
			sourceTree = "<group>";
		};
		545367D625AAC09D00A65BAD = {
			isa = PBXGroup;
			children = (
				545367E125AAC09D00A65BAD /* instegramClone */,
				545367E025AAC09D00A65BAD /* Products */,
				1A50657C67FC4AD153507111 /* Pods */,
				D9641E6BF43F514077CE872C /* Frameworks */,
			);
			sourceTree = "<group>";
		};
		545367E025AAC09D00A65BAD /* Products */ = {
			isa = PBXGroup;
			children = (
				545367DF25AAC09D00A65BAD /* instegramClone.app */,
			);
			name = Products;
			sourceTree = "<group>";
		};
		545367E125AAC09D00A65BAD /* instegramClone */ = {
			isa = PBXGroup;
			children = (
				54889C2F25AAC7E20067FD7A /* Utils */,
				54BC421C25AEF91D0011CF7A /* Model */,
				545367FE25AAC22300A65BAD /* AppDelegate */,
				545367FA25AAC0F100A65BAD /* Controllers */,
				545367F925AAC0EC00A65BAD /* Views */,
				545367F825AAC0E400A65BAD /* Models */,
				545367E825AAC09D00A65BAD /* Main.storyboard */,
				54889C3625AAD3C50067FD7A /* Assets.xcassets */,
				54069AAD25AC5BF2008A57C6 /* GoogleService-Info.plist */,
				545367ED25AAC09F00A65BAD /* LaunchScreen.storyboard */,
				545367F025AAC09F00A65BAD /* Info.plist */,
			);
			path = instegramClone;
			sourceTree = "<group>";
		};
		545367F825AAC0E400A65BAD /* Models */ = {
			isa = PBXGroup;
			children = (
			);
			path = Models;
			sourceTree = "<group>";
		};
		545367F925AAC0EC00A65BAD /* Views */ = {
			isa = PBXGroup;
			children = (
				54587C5725E8E600004B59B7 /* MessageCell */,
				54069AF925AE15CD008A57C6 /* UserProfileHeader.swift */,
				546A5EE125B32CDC001349CF /* FollowLikeCell.swift */,
				5471302525CC171200E47A89 /* SelectPhotoCell.swift */,
				5471302925CC192100E47A89 /* SelectPhotoHeader.swift */,
				54510A0F25D3CE8D00166FD0 /* UserPostCell.swift */,
				54510A3425D579FE00166FD0 /* FeedCell.swift */,
				54A300BD25DFF09900EE30A0 /* NotificationCell.swift */,
			);
			path = Views;
			sourceTree = "<group>";
		};
		545367FA25AAC0F100A65BAD /* Controllers */ = {
			isa = PBXGroup;
			children = (
				54587C5225E8E28C004B59B7 /* Messages */,
				546A5EE025B32C99001349CF /* Main */,
				54069AF825AE14DF008A57C6 /* UserProfile */,
				54069AF725AE14C3008A57C6 /* Notfications */,
				54069AF625AE14B9008A57C6 /* UploadPost */,
				54069AF525AE14A2008A57C6 /* Search */,
				54069AF325AE1490008A57C6 /* Login */,
				54069AF425AE1499008A57C6 /* Feed */,
			);
			path = Controllers;
			sourceTree = "<group>";
		};
		545367FE25AAC22300A65BAD /* AppDelegate */ = {
			isa = PBXGroup;
			children = (
				545367E225AAC09D00A65BAD /* AppDelegate.swift */,
				545367E425AAC09D00A65BAD /* SceneDelegate.swift */,
			);
			path = AppDelegate;
			sourceTree = "<group>";
		};
		54587C5225E8E28C004B59B7 /* Messages */ = {
			isa = PBXGroup;
			children = (
				54587C5325E8E2CE004B59B7 /* MessagesController.swift */,
				546655DD25EA50830057A9FE /* NewMessageController.swift */,
				546655E725ED31020057A9FE /* ChatController.swift */,
			);
			path = Messages;
			sourceTree = "<group>";
		};
		54587C5725E8E600004B59B7 /* MessageCell */ = {
			isa = PBXGroup;
			children = (
				54587C5825E8E631004B59B7 /* MessageCell.swift */,
				546655E025EA51260057A9FE /* NewMessageCell.swift */,
				546655EA25ED34580057A9FE /* ChatCell.swift */,
			);
			path = MessageCell;
			sourceTree = "<group>";
		};
		546A5EE025B32C99001349CF /* Main */ = {
			isa = PBXGroup;
			children = (
				54069AE025AD6657008A57C6 /* MainTabBarViewController.swift */,
			);
			path = Main;
			sourceTree = "<group>";
		};
		54889C2F25AAC7E20067FD7A /* Utils */ = {
			isa = PBXGroup;
			children = (
				54889C3125AAC8110067FD7A /* Extensions.swift */,
				549779C125B1566F00B26583 /* Protocols.swift */,
				5404B76E25CAF13D003BE81F /* Constants.swift */,
				54510A2125D4458F00166FD0 /* CustomImageView.swift */,
			);
			path = Utils;
			sourceTree = "<group>";
		};
		54BC421C25AEF91D0011CF7A /* Model */ = {
			isa = PBXGroup;
			children = (
				54BC421D25AEF95C0011CF7A /* User.swift */,
				547E4B4F25D25E4800F725B3 /* Post.swift */,
				546655E425EA8ABF0057A9FE /* Message.swift */,
			);
			path = Model;
			sourceTree = "<group>";
		};
		54BC424A25B04FDF0011CF7A /* cell */ = {
			isa = PBXGroup;
			children = (
				54BC424B25B050060011CF7A /* SearchUserCell.swift */,
			);
			path = cell;
			sourceTree = "<group>";
		};
		D9641E6BF43F514077CE872C /* Frameworks */ = {
			isa = PBXGroup;
			children = (
				D22F19542063191067855137 /* Pods_instegramClone.framework */,
			);
			name = Frameworks;
			sourceTree = "<group>";
		};
/* End PBXGroup section */

/* Begin PBXNativeTarget section */
		545367DE25AAC09D00A65BAD /* instegramClone */ = {
			isa = PBXNativeTarget;
			buildConfigurationList = 545367F325AAC09F00A65BAD /* Build configuration list for PBXNativeTarget "instegramClone" */;
			buildPhases = (
				7E34483B3931F5C9210B9C45 /* [CP] Check Pods Manifest.lock */,
				545367DB25AAC09D00A65BAD /* Sources */,
				545367DC25AAC09D00A65BAD /* Frameworks */,
				545367DD25AAC09D00A65BAD /* Resources */,
				12F5BBD2C1B435D8BD785A4A /* [CP] Embed Pods Frameworks */,
			);
			buildRules = (
			);
			dependencies = (
			);
			name = instegramClone;
			productName = instegramClone;
			productReference = 545367DF25AAC09D00A65BAD /* instegramClone.app */;
			productType = "com.apple.product-type.application";
		};
/* End PBXNativeTarget section */

/* Begin PBXProject section */
		545367D725AAC09D00A65BAD /* Project object */ = {
			isa = PBXProject;
			attributes = {
				LastSwiftUpdateCheck = 1230;
				LastUpgradeCheck = 1230;
				TargetAttributes = {
					545367DE25AAC09D00A65BAD = {
						CreatedOnToolsVersion = 12.3;
					};
				};
			};
			buildConfigurationList = 545367DA25AAC09D00A65BAD /* Build configuration list for PBXProject "instegramClone" */;
			compatibilityVersion = "Xcode 9.3";
			developmentRegion = en;
			hasScannedForEncodings = 0;
			knownRegions = (
				en,
				Base,
			);
			mainGroup = 545367D625AAC09D00A65BAD;
			productRefGroup = 545367E025AAC09D00A65BAD /* Products */;
			projectDirPath = "";
			projectRoot = "";
			targets = (
				545367DE25AAC09D00A65BAD /* instegramClone */,
			);
		};
/* End PBXProject section */

/* Begin PBXResourcesBuildPhase section */
		545367DD25AAC09D00A65BAD /* Resources */ = {
			isa = PBXResourcesBuildPhase;
			buildActionMask = 2147483647;
			files = (
				545367EF25AAC09F00A65BAD /* LaunchScreen.storyboard in Resources */,
				54069AAE25AC5BF2008A57C6 /* GoogleService-Info.plist in Resources */,
				54889C3725AAD3C50067FD7A /* Assets.xcassets in Resources */,
				545367EA25AAC09D00A65BAD /* Main.storyboard in Resources */,
			);
			runOnlyForDeploymentPostprocessing = 0;
		};
/* End PBXResourcesBuildPhase section */

/* Begin PBXShellScriptBuildPhase section */
		12F5BBD2C1B435D8BD785A4A /* [CP] Embed Pods Frameworks */ = {
			isa = PBXShellScriptBuildPhase;
			buildActionMask = 2147483647;
			files = (
			);
			inputFileListPaths = (
				"${PODS_ROOT}/Target Support Files/Pods-instegramClone/Pods-instegramClone-frameworks-${CONFIGURATION}-input-files.xcfilelist",
			);
			name = "[CP] Embed Pods Frameworks";
			outputFileListPaths = (
				"${PODS_ROOT}/Target Support Files/Pods-instegramClone/Pods-instegramClone-frameworks-${CONFIGURATION}-output-files.xcfilelist",
			);
			runOnlyForDeploymentPostprocessing = 0;
			shellPath = /bin/sh;
			shellScript = "\"${PODS_ROOT}/Target Support Files/Pods-instegramClone/Pods-instegramClone-frameworks.sh\"\n";
			showEnvVarsInLog = 0;
		};
		7E34483B3931F5C9210B9C45 /* [CP] Check Pods Manifest.lock */ = {
			isa = PBXShellScriptBuildPhase;
			buildActionMask = 2147483647;
			files = (
			);
			inputFileListPaths = (
			);
			inputPaths = (
				"${PODS_PODFILE_DIR_PATH}/Podfile.lock",
				"${PODS_ROOT}/Manifest.lock",
			);
			name = "[CP] Check Pods Manifest.lock";
			outputFileListPaths = (
			);
			outputPaths = (
				"$(DERIVED_FILE_DIR)/Pods-instegramClone-checkManifestLockResult.txt",
			);
			runOnlyForDeploymentPostprocessing = 0;
			shellPath = /bin/sh;
			shellScript = "diff \"${PODS_PODFILE_DIR_PATH}/Podfile.lock\" \"${PODS_ROOT}/Manifest.lock\" > /dev/null\nif [ $? != 0 ] ; then\n    # print error to STDERR\n    echo \"error: The sandbox is not in sync with the Podfile.lock. Run 'pod install' or update your CocoaPods installation.\" >&2\n    exit 1\nfi\n# This output is used by Xcode 'outputs' to avoid re-running this script phase.\necho \"SUCCESS\" > \"${SCRIPT_OUTPUT_FILE_0}\"\n";
			showEnvVarsInLog = 0;
		};
/* End PBXShellScriptBuildPhase section */

/* Begin PBXSourcesBuildPhase section */
		545367DB25AAC09D00A65BAD /* Sources */ = {
			isa = PBXSourcesBuildPhase;
			buildActionMask = 2147483647;
			files = (
				549779C225B1566F00B26583 /* Protocols.swift in Sources */,
				54510A2225D4458F00166FD0 /* CustomImageView.swift in Sources */,
				546655EB25ED34580057A9FE /* ChatCell.swift in Sources */,
				547E4B5025D25E4800F725B3 /* Post.swift in Sources */,
				54587C5425E8E2D0004B59B7 /* MessagesController.swift in Sources */,
				5471302625CC171200E47A89 /* SelectPhotoCell.swift in Sources */,
				54BC424C25B050070011CF7A /* SearchUserCell.swift in Sources */,
				546655E125EA51260057A9FE /* NewMessageCell.swift in Sources */,
				54BC421E25AEF95C0011CF7A /* User.swift in Sources */,
				54069AED25AD68C6008A57C6 /* NotificationViewController.swift in Sources */,
				545367E325AAC09D00A65BAD /* AppDelegate.swift in Sources */,
				5471302325CC150100E47A89 /* SelectImageViewController.swift in Sources */,
				54A300BE25DFF09900EE30A0 /* NotificationCell.swift in Sources */,
				545367E525AAC09D00A65BAD /* SceneDelegate.swift in Sources */,
				54069AFA25AE15CD008A57C6 /* UserProfileHeader.swift in Sources */,
				54069AE725AD6886008A57C6 /* SearchViewController.swift in Sources */,
				545367FC25AAC16500A65BAD /* LoginVC.swift in Sources */,
				54069AE125AD6657008A57C6 /* MainTabBarViewController.swift in Sources */,
				54510A1025D3CE8D00166FD0 /* UserPostCell.swift in Sources */,
				54587C5925E8E631004B59B7 /* MessageCell.swift in Sources */,
				546655E825ED31020057A9FE /* ChatController.swift in Sources */,
				54069AE425AD684D008A57C6 /* FeedCollectionViewController.swift in Sources */,
				546655E525EA8ABF0057A9FE /* Message.swift in Sources */,
				54069AEA25AD68A6008A57C6 /* UploadPostViewController.swift in Sources */,
				5471302A25CC192100E47A89 /* SelectPhotoHeader.swift in Sources */,
				54407B8125AAFE0600F2A637 /* SignUpVC.swift in Sources */,
				546A5EE525B32CF9001349CF /* FollowLikeController.swift in Sources */,
				54069AF025AD68E6008A57C6 /* UserProfileViewController.swift in Sources */,
				54510A3525D579FE00166FD0 /* FeedCell.swift in Sources */,
				546655DE25EA50830057A9FE /* NewMessageController.swift in Sources */,
				546A5EE225B32CDC001349CF /* FollowLikeCell.swift in Sources */,
				54889C3225AAC8110067FD7A /* Extensions.swift in Sources */,
				5404B76F25CAF13D003BE81F /* Constants.swift in Sources */,
			);
			runOnlyForDeploymentPostprocessing = 0;
		};
/* End PBXSourcesBuildPhase section */

/* Begin PBXVariantGroup section */
		545367E825AAC09D00A65BAD /* Main.storyboard */ = {
			isa = PBXVariantGroup;
			children = (
				545367E925AAC09D00A65BAD /* Base */,
			);
			name = Main.storyboard;
			sourceTree = "<group>";
		};
		545367ED25AAC09F00A65BAD /* LaunchScreen.storyboard */ = {
			isa = PBXVariantGroup;
			children = (
				545367EE25AAC09F00A65BAD /* Base */,
			);
			name = LaunchScreen.storyboard;
			sourceTree = "<group>";
		};
/* End PBXVariantGroup section */

/* Begin XCBuildConfiguration section */
		545367F125AAC09F00A65BAD /* Debug */ = {
			isa = XCBuildConfiguration;
			buildSettings = {
				ALWAYS_SEARCH_USER_PATHS = NO;
				CLANG_ANALYZER_NONNULL = YES;
				CLANG_ANALYZER_NUMBER_OBJECT_CONVERSION = YES_AGGRESSIVE;
				CLANG_CXX_LANGUAGE_STANDARD = "gnu++14";
				CLANG_CXX_LIBRARY = "libc++";
				CLANG_ENABLE_MODULES = YES;
				CLANG_ENABLE_OBJC_ARC = YES;
				CLANG_ENABLE_OBJC_WEAK = YES;
				CLANG_WARN_BLOCK_CAPTURE_AUTORELEASING = YES;
				CLANG_WARN_BOOL_CONVERSION = YES;
				CLANG_WARN_COMMA = YES;
				CLANG_WARN_CONSTANT_CONVERSION = YES;
				CLANG_WARN_DEPRECATED_OBJC_IMPLEMENTATIONS = YES;
				CLANG_WARN_DIRECT_OBJC_ISA_USAGE = YES_ERROR;
				CLANG_WARN_DOCUMENTATION_COMMENTS = YES;
				CLANG_WARN_EMPTY_BODY = YES;
				CLANG_WARN_ENUM_CONVERSION = YES;
				CLANG_WARN_INFINITE_RECURSION = YES;
				CLANG_WARN_INT_CONVERSION = YES;
				CLANG_WARN_NON_LITERAL_NULL_CONVERSION = YES;
				CLANG_WARN_OBJC_IMPLICIT_RETAIN_SELF = YES;
				CLANG_WARN_OBJC_LITERAL_CONVERSION = YES;
				CLANG_WARN_OBJC_ROOT_CLASS = YES_ERROR;
				CLANG_WARN_QUOTED_INCLUDE_IN_FRAMEWORK_HEADER = YES;
				CLANG_WARN_RANGE_LOOP_ANALYSIS = YES;
				CLANG_WARN_STRICT_PROTOTYPES = YES;
				CLANG_WARN_SUSPICIOUS_MOVE = YES;
				CLANG_WARN_UNGUARDED_AVAILABILITY = YES_AGGRESSIVE;
				CLANG_WARN_UNREACHABLE_CODE = YES;
				CLANG_WARN__DUPLICATE_METHOD_MATCH = YES;
				COPY_PHASE_STRIP = NO;
				DEBUG_INFORMATION_FORMAT = dwarf;
				ENABLE_STRICT_OBJC_MSGSEND = YES;
				ENABLE_TESTABILITY = YES;
				GCC_C_LANGUAGE_STANDARD = gnu11;
				GCC_DYNAMIC_NO_PIC = NO;
				GCC_NO_COMMON_BLOCKS = YES;
				GCC_OPTIMIZATION_LEVEL = 0;
				GCC_PREPROCESSOR_DEFINITIONS = (
					"DEBUG=1",
					"$(inherited)",
				);
				GCC_WARN_64_TO_32_BIT_CONVERSION = YES;
				GCC_WARN_ABOUT_RETURN_TYPE = YES_ERROR;
				GCC_WARN_UNDECLARED_SELECTOR = YES;
				GCC_WARN_UNINITIALIZED_AUTOS = YES_AGGRESSIVE;
				GCC_WARN_UNUSED_FUNCTION = YES;
				GCC_WARN_UNUSED_VARIABLE = YES;
				IPHONEOS_DEPLOYMENT_TARGET = 14.3;
				MTL_ENABLE_DEBUG_INFO = INCLUDE_SOURCE;
				MTL_FAST_MATH = YES;
				ONLY_ACTIVE_ARCH = YES;
				SDKROOT = iphoneos;
				SWIFT_ACTIVE_COMPILATION_CONDITIONS = DEBUG;
				SWIFT_OPTIMIZATION_LEVEL = "-Onone";
			};
			name = Debug;
		};
		545367F225AAC09F00A65BAD /* Release */ = {
			isa = XCBuildConfiguration;
			buildSettings = {
				ALWAYS_SEARCH_USER_PATHS = NO;
				CLANG_ANALYZER_NONNULL = YES;
				CLANG_ANALYZER_NUMBER_OBJECT_CONVERSION = YES_AGGRESSIVE;
				CLANG_CXX_LANGUAGE_STANDARD = "gnu++14";
				CLANG_CXX_LIBRARY = "libc++";
				CLANG_ENABLE_MODULES = YES;
				CLANG_ENABLE_OBJC_ARC = YES;
				CLANG_ENABLE_OBJC_WEAK = YES;
				CLANG_WARN_BLOCK_CAPTURE_AUTORELEASING = YES;
				CLANG_WARN_BOOL_CONVERSION = YES;
				CLANG_WARN_COMMA = YES;
				CLANG_WARN_CONSTANT_CONVERSION = YES;
				CLANG_WARN_DEPRECATED_OBJC_IMPLEMENTATIONS = YES;
				CLANG_WARN_DIRECT_OBJC_ISA_USAGE = YES_ERROR;
				CLANG_WARN_DOCUMENTATION_COMMENTS = YES;
				CLANG_WARN_EMPTY_BODY = YES;
				CLANG_WARN_ENUM_CONVERSION = YES;
				CLANG_WARN_INFINITE_RECURSION = YES;
				CLANG_WARN_INT_CONVERSION = YES;
				CLANG_WARN_NON_LITERAL_NULL_CONVERSION = YES;
				CLANG_WARN_OBJC_IMPLICIT_RETAIN_SELF = YES;
				CLANG_WARN_OBJC_LITERAL_CONVERSION = YES;
				CLANG_WARN_OBJC_ROOT_CLASS = YES_ERROR;
				CLANG_WARN_QUOTED_INCLUDE_IN_FRAMEWORK_HEADER = YES;
				CLANG_WARN_RANGE_LOOP_ANALYSIS = YES;
				CLANG_WARN_STRICT_PROTOTYPES = YES;
				CLANG_WARN_SUSPICIOUS_MOVE = YES;
				CLANG_WARN_UNGUARDED_AVAILABILITY = YES_AGGRESSIVE;
				CLANG_WARN_UNREACHABLE_CODE = YES;
				CLANG_WARN__DUPLICATE_METHOD_MATCH = YES;
				COPY_PHASE_STRIP = NO;
				DEBUG_INFORMATION_FORMAT = "dwarf-with-dsym";
				ENABLE_NS_ASSERTIONS = NO;
				ENABLE_STRICT_OBJC_MSGSEND = YES;
				GCC_C_LANGUAGE_STANDARD = gnu11;
				GCC_NO_COMMON_BLOCKS = YES;
				GCC_WARN_64_TO_32_BIT_CONVERSION = YES;
				GCC_WARN_ABOUT_RETURN_TYPE = YES_ERROR;
				GCC_WARN_UNDECLARED_SELECTOR = YES;
				GCC_WARN_UNINITIALIZED_AUTOS = YES_AGGRESSIVE;
				GCC_WARN_UNUSED_FUNCTION = YES;
				GCC_WARN_UNUSED_VARIABLE = YES;
				IPHONEOS_DEPLOYMENT_TARGET = 14.3;
				MTL_ENABLE_DEBUG_INFO = NO;
				MTL_FAST_MATH = YES;
				SDKROOT = iphoneos;
				SWIFT_COMPILATION_MODE = wholemodule;
				SWIFT_OPTIMIZATION_LEVEL = "-O";
				VALIDATE_PRODUCT = YES;
			};
			name = Release;
		};
		545367F425AAC09F00A65BAD /* Debug */ = {
			isa = XCBuildConfiguration;
			baseConfigurationReference = 4FBFA9F1FEE9388B1CE7279E /* Pods-instegramClone.debug.xcconfig */;
			buildSettings = {
				ASSETCATALOG_COMPILER_APPICON_NAME = AppIcon;
				ASSETCATALOG_COMPILER_GLOBAL_ACCENT_COLOR_NAME = AccentColor;
				CODE_SIGN_STYLE = Automatic;
				DEVELOPMENT_TEAM = 4L2MSKX5Q6;
				INFOPLIST_FILE = instegramClone/Info.plist;
				LD_RUNPATH_SEARCH_PATHS = (
					"$(inherited)",
					"@executable_path/Frameworks",
				);
				PRODUCT_BUNDLE_IDENTIFIER = com.mdo.ios.instegramClone;
				PRODUCT_NAME = "$(TARGET_NAME)";
				SWIFT_VERSION = 5.0;
				TARGETED_DEVICE_FAMILY = "1,2";
			};
			name = Debug;
		};
		545367F525AAC09F00A65BAD /* Release */ = {
			isa = XCBuildConfiguration;
			baseConfigurationReference = F64092312D00D50CAC96ED35 /* Pods-instegramClone.release.xcconfig */;
			buildSettings = {
				ASSETCATALOG_COMPILER_APPICON_NAME = AppIcon;
				ASSETCATALOG_COMPILER_GLOBAL_ACCENT_COLOR_NAME = AccentColor;
				CODE_SIGN_STYLE = Automatic;
				DEVELOPMENT_TEAM = 4L2MSKX5Q6;
				INFOPLIST_FILE = instegramClone/Info.plist;
				LD_RUNPATH_SEARCH_PATHS = (
					"$(inherited)",
					"@executable_path/Frameworks",
				);
				PRODUCT_BUNDLE_IDENTIFIER = com.mdo.ios.instegramClone;
				PRODUCT_NAME = "$(TARGET_NAME)";
				SWIFT_VERSION = 5.0;
				TARGETED_DEVICE_FAMILY = "1,2";
			};
			name = Release;
		};
/* End XCBuildConfiguration section */

/* Begin XCConfigurationList section */
		545367DA25AAC09D00A65BAD /* Build configuration list for PBXProject "instegramClone" */ = {
			isa = XCConfigurationList;
			buildConfigurations = (
				545367F125AAC09F00A65BAD /* Debug */,
				545367F225AAC09F00A65BAD /* Release */,
			);
			defaultConfigurationIsVisible = 0;
			defaultConfigurationName = Release;
		};
		545367F325AAC09F00A65BAD /* Build configuration list for PBXNativeTarget "instegramClone" */ = {
			isa = XCConfigurationList;
			buildConfigurations = (
				545367F425AAC09F00A65BAD /* Debug */,
				545367F525AAC09F00A65BAD /* Release */,
			);
			defaultConfigurationIsVisible = 0;
			defaultConfigurationName = Release;
		};
/* End XCConfigurationList section */
	};
	rootObject = 545367D725AAC09D00A65BAD /* Project object */;
}
